
Microsoft Visual Studio Solution File, Format Version 12.00
# Visual Studio Version 17
VisualStudioVersion = 17.8.34511.84
MinimumVisualStudioVersion = 10.0.40219.1
Project("{9A19103F-16F7-4668-BE54-9A1E7A4F7556}") = "SimilarNet", "SimilarNet\SimilarNet.csproj", "{8A64B7CF-0EBC-4729-9CB8-7E3FF1930005}"
EndProject
Project("{FAE04EC0-301F-11D3-BF4B-00C04F79EFBC}") = "TestProject", "TestProject\TestProject.csproj", "{8BA9ABCE-32D1-4DE6-B17B-A6AA81FCD949}"
EndProject
Global
	GlobalSection(SolutionConfigurationPlatforms) = preSolution
		Debug|Any CPU = Debug|Any CPU
		Release|Any CPU = Release|Any CPU
	EndGlobalSection
	GlobalSection(ProjectConfigurationPlatforms) = postSolution
		{8A64B7CF-0EBC-4729-9CB8-7E3FF1930005}.Debug|Any CPU.ActiveCfg = Debug|Any CPU
		{8A64B7CF-0EBC-4729-9CB8-7E3FF1930005}.Debug|Any CPU.Build.0 = Debug|Any CPU
		{8A64B7CF-0EBC-4729-9CB8-7E3FF1930005}.Release|Any CPU.ActiveCfg = Release|Any CPU
		{8A64B7CF-0EBC-4729-9CB8-7E3FF1930005}.Release|Any CPU.Build.0 = Release|Any CPU
		{8BA9ABCE-32D1-4DE6-B17B-A6AA81FCD949}.Debug|Any CPU.ActiveCfg = Debug|Any CPU
		{8BA9ABCE-32D1-4DE6-B17B-A6AA81FCD949}.Debug|Any CPU.Build.0 = Debug|Any CPU
		{8BA9ABCE-32D1-4DE6-B17B-A6AA81FCD949}.Release|Any CPU.ActiveCfg = Release|Any CPU
		{8BA9ABCE-32D1-4DE6-B17B-A6AA81FCD949}.Release|Any CPU.Build.0 = Release|Any CPU
	EndGlobalSection
	GlobalSection(SolutionProperties) = preSolution
		HideSolutionNode = FALSE
	EndGlobalSection
	GlobalSection(ExtensibilityGlobals) = postSolution
		SolutionGuid = {68CE6E0D-FFD3-42CD-9D7A-9C5E502B74DE}
	EndGlobalSection
EndGlobal
